
Microsoft Visual Studio Solution File, Format Version 12.00
# Visual Studio Version 16
VisualStudioVersion = 16.0.33130.400
MinimumVisualStudioVersion = 10.0.40219.1
Project("{FAE04EC0-301F-11D3-BF4B-00C04F79EFBC}") = "ValheimFoodConfig", "ValheimFoodConfig\ValheimFoodConfig.csproj", "{9E0D7D5D-5483-442D-B597-F55C35EC30F1}"
EndProject
Global
	GlobalSection(SolutionConfigurationPlatforms) = preSolution
		Debug|Any CPU = Debug|Any CPU
		Release|Any CPU = Release|Any CPU
	EndGlobalSection
	GlobalSection(ProjectConfigurationPlatforms) = postSolution
		{9E0D7D5D-5483-442D-B597-F55C35EC30F1}.Release|Any CPU.ActiveCfg = Release|Any CPU
		{9E0D7D5D-5483-442D-B597-F55C35EC30F1}.Release|Any CPU.Build.0 = Release|Any CPU
		{9E0D7D5D-5483-442D-B597-F55C35EC30F1}.Debug|Any CPU.ActiveCfg = Release|Any CPU
		{9E0D7D5D-5483-442D-B597-F55C35EC30F1}.Debug|Any CPU.Build.0 = Release|Any CPU
	EndGlobalSection
	GlobalSection(SolutionProperties) = preSolution
		HideSolutionNode = FALSE
	EndGlobalSection
	GlobalSection(ExtensibilityGlobals) = postSolution
		SolutionGuid = {E1C7B51B-1CF0-4CFE-AD69-6C0EA90064A8}
	EndGlobalSection
EndGlobal
